
Microsoft Visual Studio Solution File, Format Version 12.00
# Visual Studio Version 17
VisualStudioVersion = 17.3.32929.385
MinimumVisualStudioVersion = 10.0.40219.1
Project("{FAE04EC0-301F-11D3-BF4B-00C04F79EFBC}") = "FirstMVCApp", "FirstMVCApp\FirstMVCApp.csproj", "{AE216F9A-511A-4314-B658-C67C2A77D821}"
EndProject
Global
	GlobalSection(SolutionConfigurationPlatforms) = preSolution
		Debug|Any CPU = Debug|Any CPU
		Release|Any CPU = Release|Any CPU
	EndGlobalSection
	GlobalSection(ProjectConfigurationPlatforms) = postSolution
		{AE216F9A-511A-4314-B658-C67C2A77D821}.Debug|Any CPU.ActiveCfg = Debug|Any CPU
		{AE216F9A-511A-4314-B658-C67C2A77D821}.Debug|Any CPU.Build.0 = Debug|Any CPU
		{AE216F9A-511A-4314-B658-C67C2A77D821}.Release|Any CPU.ActiveCfg = Release|Any CPU
		{AE216F9A-511A-4314-B658-C67C2A77D821}.Release|Any CPU.Build.0 = Release|Any CPU
	EndGlobalSection
	GlobalSection(SolutionProperties) = preSolution
		HideSolutionNode = FALSE
	EndGlobalSection
	GlobalSection(ExtensibilityGlobals) = postSolution
		SolutionGuid = {44FC582E-E667-45DB-A2F9-6C86C46B0E23}
	EndGlobalSection
EndGlobal
